
Microsoft Visual Studio Solution File, Format Version 12.00
# Visual Studio Version 17
VisualStudioVersion = 17.9.34902.65
MinimumVisualStudioVersion = 10.0.40219.1
Project("{FAE04EC0-301F-11D3-BF4B-00C04F79EFBC}") = "HttpClientClassDemo-WPF", "HttpClientClassDemo-WPF.csproj", "{1F85ECC0-6791-4E50-AB84-B0093F9B866D}"
EndProject
Global
	GlobalSection(SolutionConfigurationPlatforms) = preSolution
		Debug|Any CPU = Debug|Any CPU
		Release|Any CPU = Release|Any CPU
	EndGlobalSection
	GlobalSection(ProjectConfigurationPlatforms) = postSolution
		{1F85ECC0-6791-4E50-AB84-B0093F9B866D}.Debug|Any CPU.ActiveCfg = Debug|Any CPU
		{1F85ECC0-6791-4E50-AB84-B0093F9B866D}.Debug|Any CPU.Build.0 = Debug|Any CPU
		{1F85ECC0-6791-4E50-AB84-B0093F9B866D}.Release|Any CPU.ActiveCfg = Release|Any CPU
		{1F85ECC0-6791-4E50-AB84-B0093F9B866D}.Release|Any CPU.Build.0 = Release|Any CPU
	EndGlobalSection
	GlobalSection(SolutionProperties) = preSolution
		HideSolutionNode = FALSE
	EndGlobalSection
	GlobalSection(ExtensibilityGlobals) = postSolution
		SolutionGuid = {9A40FE2F-03DC-4A51-8A91-DFD0F0B3DD8D}
	EndGlobalSection
EndGlobal
