
Microsoft Visual Studio Solution File, Format Version 12.00
# Visual Studio Version 17
VisualStudioVersion = 17.9.34902.65
MinimumVisualStudioVersion = 10.0.40219.1
Project("{FAE04EC0-301F-11D3-BF4B-00C04F79EFBC}") = "ServerAppDemo", "ServerAppDemo.csproj", "{B319F3D8-673F-4DA6-9EA2-92D68B1B4FA9}"
EndProject
Project("{FAE04EC0-301F-11D3-BF4B-00C04F79EFBC}") = "ClientAppDemo", "..\ClientAppDemo\ClientAppDemo.csproj", "{D181370F-B607-4581-A094-3236E494FD84}"
EndProject
Global
	GlobalSection(SolutionConfigurationPlatforms) = preSolution
		Debug|Any CPU = Debug|Any CPU
		Release|Any CPU = Release|Any CPU
	EndGlobalSection
	GlobalSection(ProjectConfigurationPlatforms) = postSolution
		{B319F3D8-673F-4DA6-9EA2-92D68B1B4FA9}.Debug|Any CPU.ActiveCfg = Debug|Any CPU
		{B319F3D8-673F-4DA6-9EA2-92D68B1B4FA9}.Debug|Any CPU.Build.0 = Debug|Any CPU
		{B319F3D8-673F-4DA6-9EA2-92D68B1B4FA9}.Release|Any CPU.ActiveCfg = Release|Any CPU
		{B319F3D8-673F-4DA6-9EA2-92D68B1B4FA9}.Release|Any CPU.Build.0 = Release|Any CPU
		{D181370F-B607-4581-A094-3236E494FD84}.Debug|Any CPU.ActiveCfg = Debug|Any CPU
		{D181370F-B607-4581-A094-3236E494FD84}.Debug|Any CPU.Build.0 = Debug|Any CPU
		{D181370F-B607-4581-A094-3236E494FD84}.Release|Any CPU.ActiveCfg = Release|Any CPU
		{D181370F-B607-4581-A094-3236E494FD84}.Release|Any CPU.Build.0 = Release|Any CPU
	EndGlobalSection
	GlobalSection(SolutionProperties) = preSolution
		HideSolutionNode = FALSE
	EndGlobalSection
	GlobalSection(ExtensibilityGlobals) = postSolution
		SolutionGuid = {B2BBE9BB-597C-4634-ABA1-D8DB7CDF0517}
	EndGlobalSection
EndGlobal
