
Microsoft Visual Studio Solution File, Format Version 12.00
# Visual Studio Version 17
VisualStudioVersion = 17.9.34902.65
MinimumVisualStudioVersion = 10.0.40219.1
Project("{FAE04EC0-301F-11D3-BF4B-00C04F79EFBC}") = "URIsDemo", "URIsDemo.csproj", "{5BFFB78B-407F-44D8-B05E-8FA7B215EEBF}"
EndProject
Global
	GlobalSection(SolutionConfigurationPlatforms) = preSolution
		Debug|Any CPU = Debug|Any CPU
		Release|Any CPU = Release|Any CPU
	EndGlobalSection
	GlobalSection(ProjectConfigurationPlatforms) = postSolution
		{5BFFB78B-407F-44D8-B05E-8FA7B215EEBF}.Debug|Any CPU.ActiveCfg = Debug|Any CPU
		{5BFFB78B-407F-44D8-B05E-8FA7B215EEBF}.Debug|Any CPU.Build.0 = Debug|Any CPU
		{5BFFB78B-407F-44D8-B05E-8FA7B215EEBF}.Release|Any CPU.ActiveCfg = Release|Any CPU
		{5BFFB78B-407F-44D8-B05E-8FA7B215EEBF}.Release|Any CPU.Build.0 = Release|Any CPU
	EndGlobalSection
	GlobalSection(SolutionProperties) = preSolution
		HideSolutionNode = FALSE
	EndGlobalSection
	GlobalSection(ExtensibilityGlobals) = postSolution
		SolutionGuid = {7AF10487-60E0-4EFB-B590-B61D68C41EBC}
	EndGlobalSection
EndGlobal
